{
  "version": 2,
  "dependencies": {
    "net10.0": {
      "DryIoc.dll": {
        "type": "Direct",
        "requested": "[5.4.3, )",
        "resolved": "5.4.3",
        "contentHash": "yhXOG3SOxeWYxBAWskNRDD8fzw5hriEawv4VN4WKaFHOuubiop4kxe2rkWTEyCnTgRVgxVUSQCDBBkZqwPm1iQ=="
      },
      "IPAddressRange": {
        "type": "Direct",
        "requested": "[6.1.0, )",
        "resolved": "6.1.0",
        "contentHash": "qirGMjCD64q5TIVu9VsCw7eHAA1bIuvz/4sabdh2IWcsUDDbQ4jG5Sum6tPMRJBqTcb4NzMJ37GotglfRWzIsw=="
      },
      "Microsoft.Extensions.DependencyInjection": {
        "type": "Direct",
        "requested": "[10.0.1, )",
        "resolved": "10.0.1",
        "contentHash": "zerXV0GAR9LCSXoSIApbWn+Dq1/T+6vbXMHGduq1LoVQRHT0BXsGQEau0jeLUBUcsoF/NaUT8ADPu8b+eNcIyg==",
        "dependencies": {
          "Microsoft.Extensions.DependencyInjection.Abstractions": "10.0.1"
        }
      },
      "Microsoft.Extensions.Hosting.Abstractions": {
        "type": "Direct",
        "requested": "[10.0.1, )",
        "resolved": "10.0.1",
        "contentHash": "qmoQkVZcbm4/gFpted3W3Y+1kTATZTcUhV3mRkbtpfBXlxWCHwh/2oMffVcCruaGOfJuEnyAsGyaSUouSdECOw==",
        "dependencies": {
          "Microsoft.Extensions.Configuration.Abstractions": "10.0.1",
          "Microsoft.Extensions.DependencyInjection.Abstractions": "10.0.1",
          "Microsoft.Extensions.Diagnostics.Abstractions": "10.0.1",
          "Microsoft.Extensions.FileProviders.Abstractions": "10.0.1",
          "Microsoft.Extensions.Logging.Abstractions": "10.0.1"
        }
      },
      "Microsoft.SourceLink.GitHub": {
        "type": "Direct",
        "requested": "[1.1.1, )",
        "resolved": "1.1.1",
        "contentHash": "IaJGnOv/M7UQjRJks7B6p7pbPnOwisYGOIzqCz5ilGFTApZ3ktOR+6zJ12ZRPInulBmdAf1SrGdDG2MU8g6XTw==",
        "dependencies": {
          "Microsoft.Build.Tasks.Git": "1.1.1",
          "Microsoft.SourceLink.Common": "1.1.1"
        }
      },
      "Newtonsoft.Json": {
        "type": "Direct",
        "requested": "[13.0.3, )",
        "resolved": "13.0.3",
        "contentHash": "HrC5BXdl00IP9zeV+0Z848QWPAoCr9P3bDEZguI+gkLcBKAOxix/tLEAAHC+UvDNPv4a2d18lOReHMOagPa+zQ=="
      },
      "NLog": {
        "type": "Direct",
        "requested": "[6.0.6, )",
        "resolved": "6.0.6",
        "contentHash": "eUd/LDIwPtufj5OxtzFYiwuoKpzaS87iqO9P9D05avLCk4jIoOlqMwRH0o/43LmzM+CmgVAdDrCOq/rOK0sDKw=="
      },
      "NLog.Extensions.Logging": {
        "type": "Direct",
        "requested": "[6.1.0, )",
        "resolved": "6.1.0",
        "contentHash": "yWIluPmI4ISazv+1eEoRGnPbSVkxMN11ULblCxMvNsb8hGrw4LtuBebPOSjHK9D9yK/xSCHzmN46cELbgwiVsQ==",
        "dependencies": {
          "Microsoft.Extensions.Configuration.Abstractions": "10.0.0",
          "Microsoft.Extensions.Logging": "10.0.0",
          "NLog": "6.0.6"
        }
      },
      "SharpZipLib": {
        "type": "Direct",
        "requested": "[1.4.2, )",
        "resolved": "1.4.2",
        "contentHash": "yjj+3zgz8zgXpiiC3ZdF/iyTBbz2fFvMxZFEBPUcwZjIvXOf37Ylm+K58hqMfIBt5JgU/Z2uoUS67JmTLe973A=="
      },
      "StyleCop.Analyzers": {
        "type": "Direct",
        "requested": "[1.1.118, )",
        "resolved": "1.1.118",
        "contentHash": "Onx6ovGSqXSK07n/0eM3ZusiNdB6cIlJdabQhWGgJp3Vooy9AaLS/tigeybOJAobqbtggTamoWndz72JscZBvw=="
      },
      "System.Configuration.ConfigurationManager": {
        "type": "Direct",
        "requested": "[10.0.1, )",
        "resolved": "10.0.1",
        "contentHash": "HfOAIlSA8OuaxBZD6xjsUWhtB0KdKSWEfRId8gSGveLUjuP6G8IxfiFgJNxaiRIEC1kx4pSvz3Em5xW/J6LLxA==",
        "dependencies": {
          "System.Diagnostics.EventLog": "10.0.1",
          "System.Security.Cryptography.ProtectedData": "10.0.1"
        }
      },
      "System.Data.SQLite.Core.Servarr": {
        "type": "Direct",
        "requested": "[1.0.115.5-18, )",
        "resolved": "1.0.115.5-18",
        "contentHash": "bqSg3X04ugH2gqau7NGh3JHQ3zfchtwUdyBDs4AIEAi00iKZeINz6VQb85VkMMqzqQCN+i59pF/cPkoTLafiuA=="
      },
      "System.IO.Abstractions": {
        "type": "Direct",
        "requested": "[17.0.24, )",
        "resolved": "17.0.24",
        "contentHash": "hA7bacntMiZv1Yf9xtjwl/GP3GT1mG84QxhAk7ijAUD0pJhJaVVwXScE13vMpXnNtlaRDW6SeyZdWg2j2qrh4w=="
      },
      "System.ValueTuple": {
        "type": "Direct",
        "requested": "[4.6.1, )",
        "resolved": "4.6.1",
        "contentHash": "+RJT4qaekpZ7DDLhf+LTjq+E48jieKiY9ulJ+BoxKmZblIJfIJT8Ufcaa/clQqnYvWs8jugfGSMu8ylS0caG0w=="
      },
      "Microsoft.Build.Tasks.Git": {
        "type": "Transitive",
        "resolved": "1.1.1",
        "contentHash": "AT3HlgTjsqHnWpBHSNeR0KxbLZD7bztlZVj7I8vgeYG9SYqbeFGh0TM/KVtC6fg53nrWHl3VfZFvb5BiQFcY6Q=="
      },
      "Microsoft.Extensions.Configuration.Abstractions": {
        "type": "Transitive",
        "resolved": "10.0.1",
        "contentHash": "kPlU11hql+L9RjrN2N9/0GcRcRcZrNFlLLjadasFWeBORT6pL6OE+RYRk90GGCyVGSxTK+e1/f3dsMj5zpFFiQ==",
        "dependencies": {
          "Microsoft.Extensions.Primitives": "10.0.1"
        }
      },
      "Microsoft.Extensions.DependencyInjection.Abstractions": {
        "type": "Transitive",
        "resolved": "10.0.1",
        "contentHash": "oIy8fQxxbUsSrrOvgBqlVgOeCtDmrcynnTG+FQufcUWBrwyPfwlUkCDB2vaiBeYPyT+20u9/HeuHeBf+H4F/8g=="
      },
      "Microsoft.Extensions.Diagnostics.Abstractions": {
        "type": "Transitive",
        "resolved": "10.0.1",
        "contentHash": "QMoMrkNpnQym5mpfdxfxpRDuqLpsOuztguFvzH9p+Ex+do+uLFoi7UkAsBO4e9/tNR3eMFraFf2fOAi2cp3jjA==",
        "dependencies": {
          "Microsoft.Extensions.DependencyInjection.Abstractions": "10.0.1",
          "Microsoft.Extensions.Options": "10.0.1"
        }
      },
      "Microsoft.Extensions.FileProviders.Abstractions": {
        "type": "Transitive",
        "resolved": "10.0.1",
        "contentHash": "+b3DligYSZuoWltU5YdbMpIEUHNZPgPrzWfNiIuDkMdqOl93UxYB5KzS3lgpRfTXJhTNpo/CZ8w/sTkDTPDdxQ==",
        "dependencies": {
          "Microsoft.Extensions.Primitives": "10.0.1"
        }
      },
      "Microsoft.Extensions.Logging.Abstractions": {
        "type": "Transitive",
        "resolved": "10.0.1",
        "contentHash": "YkmyiPIWAXVb+lPIrM0LE5bbtLOJkCiRTFiHpkVOvhI7uTvCfoOHLEN0LcsY56GpSD7NqX3gJNpsaDe87/B3zg==",
        "dependencies": {
          "Microsoft.Extensions.DependencyInjection.Abstractions": "10.0.1"
        }
      },
      "Microsoft.Extensions.Options": {
        "type": "Transitive",
        "resolved": "10.0.1",
        "contentHash": "G6VVwywpJI4XIobetGHwg7wDOYC2L2XBYdtskxLaKF/Ynb5QBwLl7Q//wxAR2aVCLkMpoQrjSP9VoORkyddsNQ==",
        "dependencies": {
          "Microsoft.Extensions.DependencyInjection.Abstractions": "10.0.1",
          "Microsoft.Extensions.Primitives": "10.0.1"
        }
      },
      "Microsoft.Extensions.Primitives": {
        "type": "Transitive",
        "resolved": "10.0.1",
        "contentHash": "DO8XrJkp5x4PddDuc/CH37yDBCs9BYN6ijlKyR3vMb55BP1Vwh90vOX8bNfnKxr5B2qEI3D8bvbY1fFbDveDHQ=="
      },
      "Microsoft.SourceLink.Common": {
        "type": "Transitive",
        "resolved": "1.1.1",
        "contentHash": "WMcGpWKrmJmzrNeuaEb23bEMnbtR/vLmvZtkAP5qWu7vQsY59GqfRJd65sFpBszbd2k/bQ8cs8eWawQKAabkVg=="
      },
      "System.Diagnostics.EventLog": {
        "type": "Transitive",
        "resolved": "10.0.1",
        "contentHash": "xfaHEHVDkMOOZR5S6ZGezD0+vekdH1Nx/9Ih8/rOqOGSOk1fxiN3u94bYkBW/wigj0Uw2Wt3vvRj9mtYdgwEjw=="
      },
      "System.Security.Cryptography.ProtectedData": {
        "type": "Transitive",
        "resolved": "10.0.1",
        "contentHash": "9SqHNq+lAjZeyPcm69FTQEjr+wsRYvkS3aW8yxoEndVYwDRkCrsP/44QPqpWHwzevoX26rkOoQ6kr7GZWngw2A=="
      },
      "Microsoft.Extensions.Logging": {
        "type": "CentralTransitive",
        "requested": "[10.0.1, )",
        "resolved": "10.0.1",
        "contentHash": "9ItMpMLFZFJFqCuHLLbR3LiA4ahA8dMtYuXpXl2YamSDWZhYS9BruPprkftY0tYi2bQ0slNrixdFm+4kpz1g5w==",
        "dependencies": {
          "Microsoft.Extensions.DependencyInjection": "10.0.1",
          "Microsoft.Extensions.Logging.Abstractions": "10.0.1",
          "Microsoft.Extensions.Options": "10.0.1"
        }
      }
    },
    "net10.0/linux-musl-arm64": {
      "System.Data.SQLite.Core.Servarr": {
        "type": "Direct",
        "requested": "[1.0.115.5-18, )",
        "resolved": "1.0.115.5-18",
        "contentHash": "bqSg3X04ugH2gqau7NGh3JHQ3zfchtwUdyBDs4AIEAi00iKZeINz6VQb85VkMMqzqQCN+i59pF/cPkoTLafiuA=="
      },
      "System.Diagnostics.EventLog": {
        "type": "Transitive",
        "resolved": "10.0.1",
        "contentHash": "xfaHEHVDkMOOZR5S6ZGezD0+vekdH1Nx/9Ih8/rOqOGSOk1fxiN3u94bYkBW/wigj0Uw2Wt3vvRj9mtYdgwEjw=="
      }
    },
    "net10.0/linux-musl-x64": {
      "System.Data.SQLite.Core.Servarr": {
        "type": "Direct",
        "requested": "[1.0.115.5-18, )",
        "resolved": "1.0.115.5-18",
        "contentHash": "bqSg3X04ugH2gqau7NGh3JHQ3zfchtwUdyBDs4AIEAi00iKZeINz6VQb85VkMMqzqQCN+i59pF/cPkoTLafiuA=="
      },
      "System.Diagnostics.EventLog": {
        "type": "Transitive",
        "resolved": "10.0.1",
        "contentHash": "xfaHEHVDkMOOZR5S6ZGezD0+vekdH1Nx/9Ih8/rOqOGSOk1fxiN3u94bYkBW/wigj0Uw2Wt3vvRj9mtYdgwEjw=="
      }
    },
    "net10.0/linux-x64": {
      "System.Data.SQLite.Core.Servarr": {
        "type": "Direct",
        "requested": "[1.0.115.5-18, )",
        "resolved": "1.0.115.5-18",
        "contentHash": "bqSg3X04ugH2gqau7NGh3JHQ3zfchtwUdyBDs4AIEAi00iKZeINz6VQb85VkMMqzqQCN+i59pF/cPkoTLafiuA=="
      },
      "System.Diagnostics.EventLog": {
        "type": "Transitive",
        "resolved": "10.0.1",
        "contentHash": "xfaHEHVDkMOOZR5S6ZGezD0+vekdH1Nx/9Ih8/rOqOGSOk1fxiN3u94bYkBW/wigj0Uw2Wt3vvRj9mtYdgwEjw=="
      }
    }
  }
}