{
  "version": 2,
  "dependencies": {
    "net10.0": {
      "Dapper": {
        "type": "Direct",
        "requested": "[2.0.151, )",
        "resolved": "2.0.151",
        "contentHash": "mMcZgx1lim0/i1Ozu+lgnBM4GwNIHpCuxV6BV2ovsEfZAXRAq4jb6RIhxGDcVjtmXMLPpdp85jHPdDjBMMwejw=="
      },
      "Diacritical.Net": {
        "type": "Direct",
        "requested": "[1.0.5, )",
        "resolved": "1.0.5",
        "contentHash": "OuidkgWgwMJnpXUSmZccm/Lzvt+hoiRGqXOn96RUucEHFXwoKQrPVdDNo0eP1BDdFLLQ1ZFCV1FtIoQjmN3Zig=="
      },
      "Equ": {
        "type": "Direct",
        "requested": "[2.3.0, )",
        "resolved": "2.3.0",
        "contentHash": "vmu8NGGdy6R8UEIxDJ8Ir4HWxuHvHWO70fL51H29oF+dF/2bNjVS1ueDYn/ZZFPPsriL/5Ee3DDXu5OhTQQ5Cw=="
      },
      "FluentValidation": {
        "type": "Direct",
        "requested": "[9.5.4, )",
        "resolved": "9.5.4",
        "contentHash": "dnAz4PUtSSa+8EGWDUmEZujOa9rvzxln4BgokZZfO2Gbcj0612TMISU4vkvL60qIy5DI/sDF9Oy1iMXr7sJW3A=="
      },
      "LazyCache": {
        "type": "Direct",
        "requested": "[2.4.0, )",
        "resolved": "2.4.0",
        "contentHash": "THig17vqe5PEs3wvTqFrNzorz2nD4Qz9F9C3YlAydU673CogAO8z1u8NNJD6x52I7oDCQ/N/HwJIZMBH8Y/Qiw==",
        "dependencies": {
          "Microsoft.Extensions.Caching.Abstractions": "2.1.0",
          "Microsoft.Extensions.Caching.Memory": "2.1.0"
        }
      },
      "MailKit": {
        "type": "Direct",
        "requested": "[4.8.0, )",
        "resolved": "4.8.0",
        "contentHash": "zZ1UoM4FUnSFUJ9fTl5CEEaejR0DNP6+FDt1OfXnjg4igZntcir1tg/8Ufd6WY5vrpmvToAjluYqjVM24A+5lA==",
        "dependencies": {
          "MimeKit": "4.8.0"
        }
      },
      "Microsoft.Data.SqlClient": {
        "type": "Direct",
        "requested": "[2.1.7, )",
        "resolved": "2.1.7",
        "contentHash": "dSdlcXPszeOjjDX9a0buMFgYqKrI5bTxdSgX3JyCa+OL80NUstJSxOJr0j9oOn8mpP5PgWeRC2bVf/Zf2Cjv+g==",
        "dependencies": {
          "Microsoft.Data.SqlClient.SNI.runtime": "2.1.1",
          "Microsoft.Identity.Client": "4.21.1",
          "Microsoft.IdentityModel.JsonWebTokens": "6.8.0",
          "Microsoft.IdentityModel.Protocols.OpenIdConnect": "6.8.0",
          "System.Configuration.ConfigurationManager": "4.7.0",
          "System.Runtime.Caching": "4.7.0"
        }
      },
      "Microsoft.Extensions.Caching.Memory": {
        "type": "Direct",
        "requested": "[10.0.1, )",
        "resolved": "10.0.1",
        "contentHash": "NxqSP0Ky4dZ5ybszdZCqs1X2C70s+dXflqhYBUh/vhcQVTIooNCXIYnLVbafoAFGZMs51d9+rHxveXs0ZC3SQQ==",
        "dependencies": {
          "Microsoft.Extensions.Caching.Abstractions": "10.0.1",
          "Microsoft.Extensions.DependencyInjection.Abstractions": "10.0.1",
          "Microsoft.Extensions.Logging.Abstractions": "10.0.1",
          "Microsoft.Extensions.Options": "10.0.1",
          "Microsoft.Extensions.Primitives": "10.0.1"
        }
      },
      "Microsoft.Extensions.Configuration": {
        "type": "Direct",
        "requested": "[10.0.1, )",
        "resolved": "10.0.1",
        "contentHash": "njoRekyMIK+smav8B6KL2YgIfUtlsRNuT7wvurpLW+m/hoRKVnoELk2YxnUnWRGScCd1rukLMxShwLqEOKowDg==",
        "dependencies": {
          "Microsoft.Extensions.Configuration.Abstractions": "10.0.1",
          "Microsoft.Extensions.Primitives": "10.0.1"
        }
      },
      "Microsoft.Extensions.Configuration.Binder": {
        "type": "Direct",
        "requested": "[10.0.1, )",
        "resolved": "10.0.1",
        "contentHash": "Lp4CZIuTVXtlvkAnTq6QvMSW7+H62gX2cU2vdFxHQUxvrWTpi7LwYI3X+YAyIS0r12/p7gaosco7efIxL4yFNw==",
        "dependencies": {
          "Microsoft.Extensions.Configuration": "10.0.1",
          "Microsoft.Extensions.Configuration.Abstractions": "10.0.1"
        }
      },
      "Microsoft.Extensions.Configuration.EnvironmentVariables": {
        "type": "Direct",
        "requested": "[10.0.1, )",
        "resolved": "10.0.1",
        "contentHash": "csD8Eps3HQ3yc0x6NhgTV+aIFKSs3qVlVCtFnMHz/JOjnv7eEj/qSXKXiK9LzBzB1qSfAVqFnB5iaX2nUmagIQ==",
        "dependencies": {
          "Microsoft.Extensions.Configuration": "10.0.1",
          "Microsoft.Extensions.Configuration.Abstractions": "10.0.1"
        }
      },
      "Microsoft.Extensions.DependencyInjection": {
        "type": "Direct",
        "requested": "[10.0.1, )",
        "resolved": "10.0.1",
        "contentHash": "zerXV0GAR9LCSXoSIApbWn+Dq1/T+6vbXMHGduq1LoVQRHT0BXsGQEau0jeLUBUcsoF/NaUT8ADPu8b+eNcIyg==",
        "dependencies": {
          "Microsoft.Extensions.DependencyInjection.Abstractions": "10.0.1"
        }
      },
      "Microsoft.Extensions.Logging": {
        "type": "Direct",
        "requested": "[10.0.1, )",
        "resolved": "10.0.1",
        "contentHash": "9ItMpMLFZFJFqCuHLLbR3LiA4ahA8dMtYuXpXl2YamSDWZhYS9BruPprkftY0tYi2bQ0slNrixdFm+4kpz1g5w==",
        "dependencies": {
          "Microsoft.Extensions.DependencyInjection": "10.0.1",
          "Microsoft.Extensions.Logging.Abstractions": "10.0.1",
          "Microsoft.Extensions.Options": "10.0.1"
        }
      },
      "Microsoft.SourceLink.GitHub": {
        "type": "Direct",
        "requested": "[1.1.1, )",
        "resolved": "1.1.1",
        "contentHash": "IaJGnOv/M7UQjRJks7B6p7pbPnOwisYGOIzqCz5ilGFTApZ3ktOR+6zJ12ZRPInulBmdAf1SrGdDG2MU8g6XTw==",
        "dependencies": {
          "Microsoft.Build.Tasks.Git": "1.1.1",
          "Microsoft.SourceLink.Common": "1.1.1"
        }
      },
      "MonoTorrent": {
        "type": "Direct",
        "requested": "[2.0.7, )",
        "resolved": "2.0.7",
        "contentHash": "xNzK9pD+U79/wB03ztOBv+7Pr8ra1nWmnLwcSPVQ2BkIL6yiiYiLVIGoECR9GTI5F2yRsQQv55hDbI7GsjYptA==",
        "dependencies": {
          "Mono.Nat": "[3.0.1, 4.0.0)",
          "ReusableTasks": "[2.0.0, 3.0.0)"
        }
      },
      "Newtonsoft.Json": {
        "type": "Direct",
        "requested": "[13.0.3, )",
        "resolved": "13.0.3",
        "contentHash": "HrC5BXdl00IP9zeV+0Z848QWPAoCr9P3bDEZguI+gkLcBKAOxix/tLEAAHC+UvDNPv4a2d18lOReHMOagPa+zQ=="
      },
      "NLog": {
        "type": "Direct",
        "requested": "[5.1.4, )",
        "resolved": "5.1.4",
        "contentHash": "Ki0XThITEd//RrQ21yi1HB/Uid4pzTRE5YLvEpk91d0vDXp3OPtVCvWgrYsqqcpTwiipFSOLSsU1RblaexrFiA=="
      },
      "NLog.Targets.Syslog": {
        "type": "Direct",
        "requested": "[7.0.0, )",
        "resolved": "7.0.0",
        "contentHash": "yYiir0SbZsWmFokvugeyikO4YBhoFzDaVW5bEDrCaS1xQVRs+WMDjdAB5eUjIXpwoUnMP88fMPYhvrIi0LoDlA==",
        "dependencies": {
          "NLog": "5.0.0",
          "Polly.Contrib.WaitAndRetry": "1.1.1"
        }
      },
      "Npgsql": {
        "type": "Direct",
        "requested": "[7.0.10, )",
        "resolved": "7.0.10",
        "contentHash": "uN5/+JbIa+B4YeADMls+AtP+bXSHLeOTIEf4RmWtuA5qUM/qVdURsFJurHVBLpF3vs0Zf8iuafdG4vL1/ABu2A==",
        "dependencies": {
          "Microsoft.Extensions.Logging.Abstractions": "6.0.0"
        }
      },
      "PdfSharpCore": {
        "type": "Direct",
        "requested": "[1.3.65, )",
        "resolved": "1.3.65",
        "contentHash": "mkN1EZ1VtH4+x97DEvmno5goRU3j4myuWD7IxO9MuxRcc1iOcUfhq75RmxZSAH9dQCZhpGpLUJSkwlRRnzElAg==",
        "dependencies": {
          "SharpZipLib": "1.4.2",
          "SixLabors.Fonts": "1.0.0-beta17",
          "SixLabors.ImageSharp": "1.0.4"
        }
      },
      "Polly": {
        "type": "Direct",
        "requested": "[8.5.2, )",
        "resolved": "8.5.2",
        "contentHash": "vbXsGgkG86nG+TOwY+SmtrGrRHmHH0DQaxtILx//d3Dz/ocJ8izSNYzdvU2gEtWa/LDD8zJLvD3HdjEkdlvkhg==",
        "dependencies": {
          "Polly.Core": "8.5.2"
        }
      },
      "RestSharp": {
        "type": "Direct",
        "requested": "[106.15.0, )",
        "resolved": "106.15.0",
        "contentHash": "HM7ohR6AscxedNenrrl93DSZG6hvdnA7O+NHyCl/6ZKTfn8psQ9rRmUpcb9eWr+140vmfxoVemql0bUoeGEW3A=="
      },
      "Servarr.FluentMigrator.Runner": {
        "type": "Direct",
        "requested": "[3.3.2.9, )",
        "resolved": "3.3.2.9",
        "contentHash": "AKudY5Q22phmQTfTYwyQwyEBp8OxM2E22OnKYm3AteiPvHJ6A/MFzjzbA8eQz8E0Z44K87Az08Oiyhtg9JlkXQ==",
        "dependencies": {
          "Microsoft.Extensions.Configuration.Abstractions": "2.0.1",
          "Microsoft.Extensions.Logging": "2.0.1",
          "Servarr.FluentMigrator": "3.3.2.9",
          "Servarr.FluentMigrator.Runner.Core": "3.3.2.9",
          "Servarr.FluentMigrator.Runner.Db2": "3.3.2.9",
          "Servarr.FluentMigrator.Runner.Firebird": "3.3.2.9",
          "Servarr.FluentMigrator.Runner.Hana": "3.3.2.9",
          "Servarr.FluentMigrator.Runner.MySql": "3.3.2.9",
          "Servarr.FluentMigrator.Runner.Oracle": "3.3.2.9",
          "Servarr.FluentMigrator.Runner.Postgres": "3.3.2.9",
          "Servarr.FluentMigrator.Runner.Redshift": "3.3.2.9",
          "Servarr.FluentMigrator.Runner.SQLite": "3.3.2.9",
          "Servarr.FluentMigrator.Runner.SqlAnywhere": "3.3.2.9",
          "Servarr.FluentMigrator.Runner.SqlServer": "3.3.2.9",
          "Servarr.FluentMigrator.Runner.SqlServerCe": "3.3.2.9"
        }
      },
      "Servarr.FluentMigrator.Runner.Postgres": {
        "type": "Direct",
        "requested": "[3.3.2.9, )",
        "resolved": "3.3.2.9",
        "contentHash": "vrJ8t8W8dOtwjUtc5e+W7FdAH6jTGr6bl642CWttfewh+jEI8l/Ymdy7mueSY4masu4AyD4HcSJDTgzESWrYIg==",
        "dependencies": {
          "Servarr.FluentMigrator.Extensions.Postgres": "3.3.2.9",
          "Servarr.FluentMigrator.Runner.Core": "3.3.2.9"
        }
      },
      "Servarr.FluentMigrator.Runner.SQLite": {
        "type": "Direct",
        "requested": "[3.3.2.9, )",
        "resolved": "3.3.2.9",
        "contentHash": "wF35gswBUZodu+kkhypMB30Z5+ZTD1o5DPxYy+T/jW+5LXxN5JcBt0qMKtVNFb/K2WHgNCPnayYDHK8D2WnbNw==",
        "dependencies": {
          "Servarr.FluentMigrator.Runner.Core": "3.3.2.9"
        }
      },
      "SixLabors.ImageSharp": {
        "type": "Direct",
        "requested": "[3.1.11, )",
        "resolved": "3.1.11",
        "contentHash": "JfPLyigLthuE50yi6tMt7Amrenr/fA31t2CvJyhy/kQmfulIBAqo5T/YFUSRHtuYPXRSaUHygFeh6Qd933EoSw=="
      },
      "StyleCop.Analyzers": {
        "type": "Direct",
        "requested": "[1.1.118, )",
        "resolved": "1.1.118",
        "contentHash": "Onx6ovGSqXSK07n/0eM3ZusiNdB6cIlJdabQhWGgJp3Vooy9AaLS/tigeybOJAobqbtggTamoWndz72JscZBvw=="
      },
      "System.IO.Abstractions": {
        "type": "Direct",
        "requested": "[17.0.24, )",
        "resolved": "17.0.24",
        "contentHash": "hA7bacntMiZv1Yf9xtjwl/GP3GT1mG84QxhAk7ijAUD0pJhJaVVwXScE13vMpXnNtlaRDW6SeyZdWg2j2qrh4w=="
      },
      "TagLibSharp-Lidarr": {
        "type": "Direct",
        "requested": "[2.2.0.19, )",
        "resolved": "2.2.0.19",
        "contentHash": "7l/0/yD91NQRJYt4DadyI1yuLqrLjt509b2peDO9Authzm3cHTxCk1su9LVi9CQu35MG9wnoAw/ingqtc/+jAQ=="
      },
      "BouncyCastle.Cryptography": {
        "type": "Transitive",
        "resolved": "2.4.0",
        "contentHash": "SwXsAV3sMvAU/Nn31pbjhWurYSjJ+/giI/0n6tCrYoupEK34iIHCuk3STAd9fx8yudM85KkLSVdn951vTng/vQ=="
      },
      "Microsoft.Build.Tasks.Git": {
        "type": "Transitive",
        "resolved": "1.1.1",
        "contentHash": "AT3HlgTjsqHnWpBHSNeR0KxbLZD7bztlZVj7I8vgeYG9SYqbeFGh0TM/KVtC6fg53nrWHl3VfZFvb5BiQFcY6Q=="
      },
      "Microsoft.Data.SqlClient.SNI.runtime": {
        "type": "Transitive",
        "resolved": "2.1.1",
        "contentHash": "JwGDWkyZgm7SATJmFLfT2G4teimvNbNtq3lsS9a5DzvhEZnQrZjZhevCU0vdx8MjheLHoG5vocuO03QtioFQxQ=="
      },
      "Microsoft.Extensions.Caching.Abstractions": {
        "type": "Transitive",
        "resolved": "10.0.1",
        "contentHash": "Vb1vVAQDxHpXVdL9fpOX2BzeV7bbhzG4pAcIKRauRl0/VfkE8mq0f+fYC+gWICh3dlzTZInJ/cTeBS2MgU/XvQ==",
        "dependencies": {
          "Microsoft.Extensions.Primitives": "10.0.1"
        }
      },
      "Microsoft.Extensions.Configuration.Abstractions": {
        "type": "Transitive",
        "resolved": "10.0.1",
        "contentHash": "kPlU11hql+L9RjrN2N9/0GcRcRcZrNFlLLjadasFWeBORT6pL6OE+RYRk90GGCyVGSxTK+e1/f3dsMj5zpFFiQ==",
        "dependencies": {
          "Microsoft.Extensions.Primitives": "10.0.1"
        }
      },
      "Microsoft.Extensions.DependencyInjection.Abstractions": {
        "type": "Transitive",
        "resolved": "10.0.1",
        "contentHash": "oIy8fQxxbUsSrrOvgBqlVgOeCtDmrcynnTG+FQufcUWBrwyPfwlUkCDB2vaiBeYPyT+20u9/HeuHeBf+H4F/8g=="
      },
      "Microsoft.Extensions.Diagnostics.Abstractions": {
        "type": "Transitive",
        "resolved": "10.0.1",
        "contentHash": "QMoMrkNpnQym5mpfdxfxpRDuqLpsOuztguFvzH9p+Ex+do+uLFoi7UkAsBO4e9/tNR3eMFraFf2fOAi2cp3jjA==",
        "dependencies": {
          "Microsoft.Extensions.DependencyInjection.Abstractions": "10.0.1",
          "Microsoft.Extensions.Options": "10.0.1"
        }
      },
      "Microsoft.Extensions.FileProviders.Abstractions": {
        "type": "Transitive",
        "resolved": "10.0.1",
        "contentHash": "+b3DligYSZuoWltU5YdbMpIEUHNZPgPrzWfNiIuDkMdqOl93UxYB5KzS3lgpRfTXJhTNpo/CZ8w/sTkDTPDdxQ==",
        "dependencies": {
          "Microsoft.Extensions.Primitives": "10.0.1"
        }
      },
      "Microsoft.Extensions.Logging.Abstractions": {
        "type": "Transitive",
        "resolved": "10.0.1",
        "contentHash": "YkmyiPIWAXVb+lPIrM0LE5bbtLOJkCiRTFiHpkVOvhI7uTvCfoOHLEN0LcsY56GpSD7NqX3gJNpsaDe87/B3zg==",
        "dependencies": {
          "Microsoft.Extensions.DependencyInjection.Abstractions": "10.0.1"
        }
      },
      "Microsoft.Extensions.Options": {
        "type": "Transitive",
        "resolved": "10.0.1",
        "contentHash": "G6VVwywpJI4XIobetGHwg7wDOYC2L2XBYdtskxLaKF/Ynb5QBwLl7Q//wxAR2aVCLkMpoQrjSP9VoORkyddsNQ==",
        "dependencies": {
          "Microsoft.Extensions.DependencyInjection.Abstractions": "10.0.1",
          "Microsoft.Extensions.Primitives": "10.0.1"
        }
      },
      "Microsoft.Extensions.Primitives": {
        "type": "Transitive",
        "resolved": "10.0.1",
        "contentHash": "DO8XrJkp5x4PddDuc/CH37yDBCs9BYN6ijlKyR3vMb55BP1Vwh90vOX8bNfnKxr5B2qEI3D8bvbY1fFbDveDHQ=="
      },
      "Microsoft.Identity.Client": {
        "type": "Transitive",
        "resolved": "4.21.1",
        "contentHash": "vycgk7S/HAbHaUaK4Tid1fsWHsXdFRRP2KavAIOHCVV27zvuQfYAjXmMvctuuF4egydSumG58CwPZob3gWeYgQ=="
      },
      "Microsoft.IdentityModel.Abstractions": {
        "type": "Transitive",
        "resolved": "6.36.0",
        "contentHash": "o9NqPQUfLjFCPNDCEEl2K8TskjC7fIWa8u8VRmx0PxzJCaUcQfdTyeutgP3+8AKkAy62IJWZH4bmFzr21gX4WQ=="
      },
      "Microsoft.IdentityModel.Logging": {
        "type": "Transitive",
        "resolved": "6.36.0",
        "contentHash": "rp2UEzUKFi1GBWD0Mv0fHodvj6SL+rxh6iAmzpL1z9sRAuTLx9+8skMjdM+L8sJ3Hrrqki1kHWuYEe0HN/GrNg==",
        "dependencies": {
          "Microsoft.IdentityModel.Abstractions": "6.36.0"
        }
      },
      "Microsoft.IdentityModel.Protocols": {
        "type": "Transitive",
        "resolved": "6.8.0",
        "contentHash": "OJZx5nPdiH+MEkwCkbJrTAUiO/YzLe0VSswNlDxJsJD9bhOIdXHufh650pfm59YH1DNevp3/bXzukKrG57gA1w==",
        "dependencies": {
          "Microsoft.IdentityModel.Logging": "6.8.0",
          "Microsoft.IdentityModel.Tokens": "6.8.0"
        }
      },
      "Microsoft.IdentityModel.Protocols.OpenIdConnect": {
        "type": "Transitive",
        "resolved": "6.8.0",
        "contentHash": "X/PiV5l3nYYsodtrNMrNQIVlDmHpjQQ5w48E+o/D5H4es2+4niEyQf3l03chvZGWNzBRhfSstaXr25/Ye4AeYw==",
        "dependencies": {
          "Microsoft.IdentityModel.Protocols": "6.8.0",
          "System.IdentityModel.Tokens.Jwt": "6.8.0"
        }
      },
      "Microsoft.SourceLink.Common": {
        "type": "Transitive",
        "resolved": "1.1.1",
        "contentHash": "WMcGpWKrmJmzrNeuaEb23bEMnbtR/vLmvZtkAP5qWu7vQsY59GqfRJd65sFpBszbd2k/bQ8cs8eWawQKAabkVg=="
      },
      "Microsoft.Win32.SystemEvents": {
        "type": "Transitive",
        "resolved": "10.0.1",
        "contentHash": "trU4LN2C04nj5qnl8HqoX0NJGPCFg9h2f5o+jjp3Xm8c8fQtu6Ga1/fNFMf3AapoHyLP1WlP21XnL2ij/TLKlg=="
      },
      "MimeKit": {
        "type": "Transitive",
        "resolved": "4.8.0",
        "contentHash": "U24wp4LKED+sBRzyrWICE+3bSwptsTrPOcCIXbW5zfeThCNzQx5NCo8Wus+Rmi+EUkQrCwlI/3sVfejeq9tuxQ==",
        "dependencies": {
          "BouncyCastle.Cryptography": "2.4.0",
          "System.Security.Cryptography.Pkcs": "8.0.0"
        }
      },
      "Mono.Nat": {
        "type": "Transitive",
        "resolved": "3.0.1",
        "contentHash": "TLaz/q4i81y5nRyqBlJO2JS73JRyB1y6uhcgxhiyIn3MMIgH1mlTOPZNX7uUB0XYg6+7Igp4tFAqf/u+Unc3tw=="
      },
      "Polly.Contrib.WaitAndRetry": {
        "type": "Transitive",
        "resolved": "1.1.1",
        "contentHash": "1MUQLiSo4KDkQe6nzQRhIU05lm9jlexX5BVsbuw0SL82ynZ+GzAHQxJVDPVBboxV37Po3SG077aX8DuSy8TkaA=="
      },
      "Polly.Core": {
        "type": "Transitive",
        "resolved": "8.5.2",
        "contentHash": "1MJKdxv4zwDmiWvYvVN24DsrWUfgQ4F83voH8bhbtLMdPuGy8CfTUzsgQhvyrl1a7hrM6f/ydwLVdVUI0xooUw=="
      },
      "ReusableTasks": {
        "type": "Transitive",
        "resolved": "2.0.0",
        "contentHash": "HWb7Yy7dQfWPh0V4X42ounPkrzUvL6gB7bwshX7EqBDCl879iBQIS0TRrXFXKOTO2dNJxaEfXnAbX8Fzv3U7Cw=="
      },
      "Servarr.FluentMigrator": {
        "type": "Transitive",
        "resolved": "3.3.2.9",
        "contentHash": "M14WFK/Bdo9/lZLjY0Dxtd2zaOpIxf9o7iBMZtIAAgjlYv84MfPoCbR9xTbMpwyD3kQQD4Y9rc8WUEgB8VqT+w==",
        "dependencies": {
          "Microsoft.Extensions.DependencyInjection": "2.0.0",
          "Microsoft.Extensions.Options": "2.0.1",
          "Servarr.FluentMigrator.Abstractions": "3.3.2.9"
        }
      },
      "Servarr.FluentMigrator.Abstractions": {
        "type": "Transitive",
        "resolved": "3.3.2.9",
        "contentHash": "DvcsKD7cMchwG3QEKRLoFlnDfgJ2eZfQI/cQS+Fqdv++R14ZeUiTxFoEBelTpg7UsrTrjIdy962DR/O3Mo9elA==",
        "dependencies": {
          "System.ComponentModel.Annotations": "4.4.1"
        }
      },
      "Servarr.FluentMigrator.Extensions.Oracle": {
        "type": "Transitive",
        "resolved": "3.3.2.9",
        "contentHash": "+vmpu8vSo7lhucNy+OxGUHk1liNgBlWP23TmtxJcYnb68uDaW14+zV8YbJIMX+Q7S625KHTD9VheGVAvhl1LiQ==",
        "dependencies": {
          "Servarr.FluentMigrator.Abstractions": "3.3.2.9"
        }
      },
      "Servarr.FluentMigrator.Extensions.Postgres": {
        "type": "Transitive",
        "resolved": "3.3.2.9",
        "contentHash": "THC+jL+dPYBuNSEcRAohi+EsOo3uOMemZ+b8RIn9tp6aqgRTIbMGRwiOeuljo0PMoeuCV/GzCy+yuLyhUyKIaQ==",
        "dependencies": {
          "Servarr.FluentMigrator.Abstractions": "3.3.2.9"
        }
      },
      "Servarr.FluentMigrator.Extensions.SqlAnywhere": {
        "type": "Transitive",
        "resolved": "3.3.2.9",
        "contentHash": "/1rMhfH3hrfPubECFYLoa4RtGTZg2Lcrzwu6/2gmlfrAUbua76YUqkid78bhF7RoVguGg/sF6sHSgTzGyF/qKA==",
        "dependencies": {
          "Servarr.FluentMigrator.Abstractions": "3.3.2.9"
        }
      },
      "Servarr.FluentMigrator.Extensions.SqlServer": {
        "type": "Transitive",
        "resolved": "3.3.2.9",
        "contentHash": "4hWn2kLme/a10dZM4HiQkynLWUkLB7nHmEbmr54LI1CcocXarkPLJCKLpoDr47hytTPiVjQ4NG564W5LfIvSsA==",
        "dependencies": {
          "Servarr.FluentMigrator.Abstractions": "3.3.2.9"
        }
      },
      "Servarr.FluentMigrator.Runner.Core": {
        "type": "Transitive",
        "resolved": "3.3.2.9",
        "contentHash": "Y6s1LS0Zq0A57pdGWc6WekX1kujmtmqOBuV7FEff9DN7zA2CNI/MDA0khyj1FX1JFZHkz/JTFYvDS1Alv9S/ZA==",
        "dependencies": {
          "Microsoft.Extensions.Configuration.Abstractions": "2.0.1",
          "Microsoft.Extensions.DependencyInjection": "2.0.0",
          "Microsoft.Extensions.Logging.Abstractions": "2.0.1",
          "Microsoft.Extensions.Options": "2.0.1",
          "Servarr.FluentMigrator.Abstractions": "3.3.2.9"
        }
      },
      "Servarr.FluentMigrator.Runner.Db2": {
        "type": "Transitive",
        "resolved": "3.3.2.9",
        "contentHash": "N6bnd8WY2SoRpaJGZ6mdcjQ8kdNXvp+AA6gA/QVBwCRCajO2SlKz6jbKE+Qwe5UOxs1+h8Hroasy8ca/YHu/UA==",
        "dependencies": {
          "Servarr.FluentMigrator.Runner.Core": "3.3.2.9"
        }
      },
      "Servarr.FluentMigrator.Runner.Firebird": {
        "type": "Transitive",
        "resolved": "3.3.2.9",
        "contentHash": "Ta77P3QrJ8A6AmvBp7eD8ZTW2c4BZcKGkvEr1JM46jzBAeuUVIHbl7YQ0kicO8g5/siANUtLceoOQ8ngjEHyqA==",
        "dependencies": {
          "Microsoft.Extensions.Options": "2.0.1",
          "Servarr.FluentMigrator.Runner.Core": "3.3.2.9"
        }
      },
      "Servarr.FluentMigrator.Runner.Hana": {
        "type": "Transitive",
        "resolved": "3.3.2.9",
        "contentHash": "Ak4sVhoFFl7c7jIlb1+JiHL/DN1Wv1WRWEiqBahmVyUpiCvhWafQchpgiK1mqc4oCVIk7kKMfCG2+HYRFuEyMQ==",
        "dependencies": {
          "Servarr.FluentMigrator.Runner.Core": "3.3.2.9"
        }
      },
      "Servarr.FluentMigrator.Runner.MySql": {
        "type": "Transitive",
        "resolved": "3.3.2.9",
        "contentHash": "nJbTaRGADVc7zfKCLPtdbu1npMwADZ9sCDfmFq0lBv5L1IJs/wzxY9EE3Aj9auxr8dvUkBDAfEHoT7PkfP3/Kg==",
        "dependencies": {
          "Servarr.FluentMigrator.Runner.Core": "3.3.2.9"
        }
      },
      "Servarr.FluentMigrator.Runner.Oracle": {
        "type": "Transitive",
        "resolved": "3.3.2.9",
        "contentHash": "1GErfdWlElvpIW+x5iE+dbJb86B7xfFh/9EwsNf7SggeNT57kuisiyK2WV+x7Ozf3L6eZpimFfW6Hy4e/uzH4Q==",
        "dependencies": {
          "Servarr.FluentMigrator.Extensions.Oracle": "3.3.2.9",
          "Servarr.FluentMigrator.Runner.Core": "3.3.2.9"
        }
      },
      "Servarr.FluentMigrator.Runner.Redshift": {
        "type": "Transitive",
        "resolved": "3.3.2.9",
        "contentHash": "oZD3cMn3FYW26c2M1to1w4wM/sow2PcXvzX2x61OUDjQZ5F3Y9Rrqt4EJ6vvTyqCXmN4FLAylj2c4VnjTD5o/A==",
        "dependencies": {
          "Servarr.FluentMigrator.Runner.Core": "3.3.2.9"
        }
      },
      "Servarr.FluentMigrator.Runner.SqlAnywhere": {
        "type": "Transitive",
        "resolved": "3.3.2.9",
        "contentHash": "ZKgXl7AMKQMcVN+N5ftsSV+sJNHKo8eW0et95VbGX7EWPlYtGAr8KQf0vtJi8MUbZpX+m4cgE0pV2G9ZRCWttA==",
        "dependencies": {
          "Servarr.FluentMigrator.Extensions.SqlAnywhere": "3.3.2.9",
          "Servarr.FluentMigrator.Runner.Core": "3.3.2.9"
        }
      },
      "Servarr.FluentMigrator.Runner.SqlServer": {
        "type": "Transitive",
        "resolved": "3.3.2.9",
        "contentHash": "IrOlIZNHwjFTS7ZPFadzYE4xmaYsD5oXkIy+aPTRbtAG1FGVLGyg+5zMSVF1eExZGhXDxEUl5hpJN7THz99L9Q==",
        "dependencies": {
          "Microsoft.Data.SqlClient": "2.1.2",
          "Servarr.FluentMigrator.Extensions.SqlServer": "3.3.2.9",
          "Servarr.FluentMigrator.Runner.Core": "3.3.2.9"
        }
      },
      "Servarr.FluentMigrator.Runner.SqlServerCe": {
        "type": "Transitive",
        "resolved": "3.3.2.9",
        "contentHash": "EnVlHbaNkr1fdWmaHiEpKwdaPaWd1X3YAduCJ9kR82mmMb2byPOtVCPFPnSJyKRCBLEbLg/fsuWAW2k286AMwg==",
        "dependencies": {
          "Servarr.FluentMigrator.Runner.SqlServer": "3.3.2.9",
          "System.Security.Permissions": "4.7.0"
        }
      },
      "SixLabors.Fonts": {
        "type": "Transitive",
        "resolved": "1.0.0-beta17",
        "contentHash": "qubgVovAoSR7vyv9tJ68gSzRIPWz7HBjTM9rwAaLjpcJ6T50arnX+GHAZcC0r2mVagyRMknCNda3DGoe8StUUQ=="
      },
      "System.ComponentModel.Annotations": {
        "type": "Transitive",
        "resolved": "4.4.1",
        "contentHash": "ToiYqSCioqhtspq2O/jYKtyTC/T0uwWHBTYlzCi6PRbSSHArN1IaRWeHffDamvms5sye5FDUWCfNZgubQpNRsA=="
      },
      "System.Diagnostics.EventLog": {
        "type": "Transitive",
        "resolved": "10.0.1",
        "contentHash": "xfaHEHVDkMOOZR5S6ZGezD0+vekdH1Nx/9Ih8/rOqOGSOk1fxiN3u94bYkBW/wigj0Uw2Wt3vvRj9mtYdgwEjw=="
      },
      "System.Runtime.Caching": {
        "type": "Transitive",
        "resolved": "4.7.0",
        "contentHash": "NdvNRjTPxYvIEhXQszT9L9vJhdQoX6AQ0AlhjTU+5NqFQVuacJTfhPVAvtGWNA2OJCqRiR/okBcZgMwI6MqcZg==",
        "dependencies": {
          "System.Configuration.ConfigurationManager": "4.7.0"
        }
      },
      "System.Security.Cryptography.Pkcs": {
        "type": "Transitive",
        "resolved": "8.0.0",
        "contentHash": "ULmp3xoOwNYjOYp4JZ2NK/6NdTgiN1GQXzVVN1njQ7LOZ0d0B9vyMnhyqbIi9Qw4JXj1JgCsitkTShboHRx7Eg=="
      },
      "System.Security.Cryptography.ProtectedData": {
        "type": "Transitive",
        "resolved": "10.0.1",
        "contentHash": "9SqHNq+lAjZeyPcm69FTQEjr+wsRYvkS3aW8yxoEndVYwDRkCrsP/44QPqpWHwzevoX26rkOoQ6kr7GZWngw2A=="
      },
      "System.Security.Permissions": {
        "type": "Transitive",
        "resolved": "4.7.0",
        "contentHash": "dkOV6YYVBnYRa15/yv004eCGRBVADXw8qRbbNiCn/XpdJSUXkkUeIvdvFHkvnko4CdKMqG8yRHC4ox83LSlMsQ==",
        "dependencies": {
          "System.Windows.Extensions": "4.7.0"
        }
      },
      "System.Windows.Extensions": {
        "type": "Transitive",
        "resolved": "4.7.0",
        "contentHash": "CeWTdRNfRaSh0pm2gDTJFwVaXfTq6Xwv/sA887iwPTneW7oMtMlpvDIO+U60+3GWTB7Aom6oQwv5VZVUhQRdPQ==",
        "dependencies": {
          "System.Drawing.Common": "4.7.0"
        }
      },
      "readarr.common": {
        "type": "Project",
        "dependencies": {
          "DryIoc.dll": "[5.4.3, )",
          "IPAddressRange": "[6.1.0, )",
          "Microsoft.Extensions.DependencyInjection": "[10.0.1, )",
          "Microsoft.Extensions.Hosting.Abstractions": "[10.0.1, )",
          "Microsoft.SourceLink.GitHub": "[1.1.1, )",
          "NLog": "[5.1.4, )",
          "NLog.Extensions.Logging": "[5.2.3, )",
          "Newtonsoft.Json": "[13.0.3, )",
          "SharpZipLib": "[1.4.2, )",
          "System.Configuration.ConfigurationManager": "[10.0.1, )",
          "System.Data.SQLite.Core.Servarr": "[1.0.115.5-18, )",
          "System.IO.Abstractions": "[17.0.24, )",
          "System.ValueTuple": "[4.6.1, )"
        }
      },
      "DryIoc.dll": {
        "type": "CentralTransitive",
        "requested": "[5.4.3, )",
        "resolved": "5.4.3",
        "contentHash": "yhXOG3SOxeWYxBAWskNRDD8fzw5hriEawv4VN4WKaFHOuubiop4kxe2rkWTEyCnTgRVgxVUSQCDBBkZqwPm1iQ=="
      },
      "IPAddressRange": {
        "type": "CentralTransitive",
        "requested": "[6.1.0, )",
        "resolved": "6.1.0",
        "contentHash": "qirGMjCD64q5TIVu9VsCw7eHAA1bIuvz/4sabdh2IWcsUDDbQ4jG5Sum6tPMRJBqTcb4NzMJ37GotglfRWzIsw=="
      },
      "Microsoft.Extensions.Hosting.Abstractions": {
        "type": "CentralTransitive",
        "requested": "[10.0.1, )",
        "resolved": "10.0.1",
        "contentHash": "qmoQkVZcbm4/gFpted3W3Y+1kTATZTcUhV3mRkbtpfBXlxWCHwh/2oMffVcCruaGOfJuEnyAsGyaSUouSdECOw==",
        "dependencies": {
          "Microsoft.Extensions.Configuration.Abstractions": "10.0.1",
          "Microsoft.Extensions.DependencyInjection.Abstractions": "10.0.1",
          "Microsoft.Extensions.Diagnostics.Abstractions": "10.0.1",
          "Microsoft.Extensions.FileProviders.Abstractions": "10.0.1",
          "Microsoft.Extensions.Logging.Abstractions": "10.0.1"
        }
      },
      "Microsoft.IdentityModel.JsonWebTokens": {
        "type": "CentralTransitive",
        "requested": "[6.36.0, )",
        "resolved": "6.36.0",
        "contentHash": "DxRgLbNHolfLyuaf/G9Hqju02QCUHWbi7nFQpg+3PnsUGw1vEgSVrpLIhpJpYO23UegFvgO+y5mhyLEKIB8rPw==",
        "dependencies": {
          "Microsoft.IdentityModel.Tokens": "6.36.0"
        }
      },
      "Microsoft.IdentityModel.Tokens": {
        "type": "CentralTransitive",
        "requested": "[6.36.0, )",
        "resolved": "6.36.0",
        "contentHash": "WXFmWvHSVYrVv8HmewZvAA7toB8OJ3qu60hgkULI833tONuhLpUuI/MUhOShSqOPuNTdDmbJsiHxGcRPY1/Lyg==",
        "dependencies": {
          "Microsoft.IdentityModel.Logging": "6.36.0"
        }
      },
      "NLog.Extensions.Logging": {
        "type": "CentralTransitive",
        "requested": "[5.2.3, )",
        "resolved": "5.2.3",
        "contentHash": "TB8zPGV2nVpvWq5C8zIVHPSmnzOHMrXppjsAwHcuJq1Ehs8sC0llnAv5Ysf5Lf/vew9amV/+01MohtRFSDzKdQ==",
        "dependencies": {
          "Microsoft.Extensions.Configuration.Abstractions": "6.0.0",
          "Microsoft.Extensions.Logging": "6.0.0",
          "NLog": "5.1.3"
        }
      },
      "SharpZipLib": {
        "type": "CentralTransitive",
        "requested": "[1.4.2, )",
        "resolved": "1.4.2",
        "contentHash": "yjj+3zgz8zgXpiiC3ZdF/iyTBbz2fFvMxZFEBPUcwZjIvXOf37Ylm+K58hqMfIBt5JgU/Z2uoUS67JmTLe973A=="
      },
      "System.Configuration.ConfigurationManager": {
        "type": "CentralTransitive",
        "requested": "[10.0.1, )",
        "resolved": "10.0.1",
        "contentHash": "HfOAIlSA8OuaxBZD6xjsUWhtB0KdKSWEfRId8gSGveLUjuP6G8IxfiFgJNxaiRIEC1kx4pSvz3Em5xW/J6LLxA==",
        "dependencies": {
          "System.Diagnostics.EventLog": "10.0.1",
          "System.Security.Cryptography.ProtectedData": "10.0.1"
        }
      },
      "System.Data.SQLite.Core.Servarr": {
        "type": "CentralTransitive",
        "requested": "[1.0.115.5-18, )",
        "resolved": "1.0.115.5-18",
        "contentHash": "bqSg3X04ugH2gqau7NGh3JHQ3zfchtwUdyBDs4AIEAi00iKZeINz6VQb85VkMMqzqQCN+i59pF/cPkoTLafiuA=="
      },
      "System.Drawing.Common": {
        "type": "CentralTransitive",
        "requested": "[10.0.1, )",
        "resolved": "10.0.1",
        "contentHash": "cmkIduwyVPfuO8kNehu3xNcjo26nMgUoJyfso9S/zTO85YovvPPG0/AFLjanx1iVgQ80OpJVnLb1jU3aIKNLdg==",
        "dependencies": {
          "Microsoft.Win32.SystemEvents": "10.0.1"
        }
      },
      "System.IdentityModel.Tokens.Jwt": {
        "type": "CentralTransitive",
        "requested": "[6.36.0, )",
        "resolved": "6.36.0",
        "contentHash": "8RKI7qlT6yuEFBId/Ne2VDfa0bh5aUKJLHRV0YuSnYEtnMNJTrbUJyyXwtqEhV9Ykk2bV997QKBFi3Ni8P+wAw==",
        "dependencies": {
          "Microsoft.IdentityModel.JsonWebTokens": "6.36.0",
          "Microsoft.IdentityModel.Tokens": "6.36.0"
        }
      },
      "System.ValueTuple": {
        "type": "CentralTransitive",
        "requested": "[4.6.1, )",
        "resolved": "4.6.1",
        "contentHash": "+RJT4qaekpZ7DDLhf+LTjq+E48jieKiY9ulJ+BoxKmZblIJfIJT8Ufcaa/clQqnYvWs8jugfGSMu8ylS0caG0w=="
      }
    },
    "net10.0/linux-musl-arm64": {
      "Microsoft.Data.SqlClient": {
        "type": "Direct",
        "requested": "[2.1.7, )",
        "resolved": "2.1.7",
        "contentHash": "dSdlcXPszeOjjDX9a0buMFgYqKrI5bTxdSgX3JyCa+OL80NUstJSxOJr0j9oOn8mpP5PgWeRC2bVf/Zf2Cjv+g==",
        "dependencies": {
          "Microsoft.Data.SqlClient.SNI.runtime": "2.1.1",
          "Microsoft.Identity.Client": "4.21.1",
          "Microsoft.IdentityModel.JsonWebTokens": "6.8.0",
          "Microsoft.IdentityModel.Protocols.OpenIdConnect": "6.8.0",
          "System.Configuration.ConfigurationManager": "4.7.0",
          "System.Runtime.Caching": "4.7.0"
        }
      },
      "Microsoft.Data.SqlClient.SNI.runtime": {
        "type": "Transitive",
        "resolved": "2.1.1",
        "contentHash": "JwGDWkyZgm7SATJmFLfT2G4teimvNbNtq3lsS9a5DzvhEZnQrZjZhevCU0vdx8MjheLHoG5vocuO03QtioFQxQ=="
      },
      "Microsoft.Win32.SystemEvents": {
        "type": "Transitive",
        "resolved": "10.0.1",
        "contentHash": "trU4LN2C04nj5qnl8HqoX0NJGPCFg9h2f5o+jjp3Xm8c8fQtu6Ga1/fNFMf3AapoHyLP1WlP21XnL2ij/TLKlg=="
      },
      "System.Diagnostics.EventLog": {
        "type": "Transitive",
        "resolved": "10.0.1",
        "contentHash": "xfaHEHVDkMOOZR5S6ZGezD0+vekdH1Nx/9Ih8/rOqOGSOk1fxiN3u94bYkBW/wigj0Uw2Wt3vvRj9mtYdgwEjw=="
      },
      "System.Runtime.Caching": {
        "type": "Transitive",
        "resolved": "4.7.0",
        "contentHash": "NdvNRjTPxYvIEhXQszT9L9vJhdQoX6AQ0AlhjTU+5NqFQVuacJTfhPVAvtGWNA2OJCqRiR/okBcZgMwI6MqcZg==",
        "dependencies": {
          "System.Configuration.ConfigurationManager": "4.7.0"
        }
      },
      "System.Security.Cryptography.Pkcs": {
        "type": "Transitive",
        "resolved": "8.0.0",
        "contentHash": "ULmp3xoOwNYjOYp4JZ2NK/6NdTgiN1GQXzVVN1njQ7LOZ0d0B9vyMnhyqbIi9Qw4JXj1JgCsitkTShboHRx7Eg=="
      },
      "System.Windows.Extensions": {
        "type": "Transitive",
        "resolved": "4.7.0",
        "contentHash": "CeWTdRNfRaSh0pm2gDTJFwVaXfTq6Xwv/sA887iwPTneW7oMtMlpvDIO+U60+3GWTB7Aom6oQwv5VZVUhQRdPQ==",
        "dependencies": {
          "System.Drawing.Common": "4.7.0"
        }
      },
      "System.Data.SQLite.Core.Servarr": {
        "type": "CentralTransitive",
        "requested": "[1.0.115.5-18, )",
        "resolved": "1.0.115.5-18",
        "contentHash": "bqSg3X04ugH2gqau7NGh3JHQ3zfchtwUdyBDs4AIEAi00iKZeINz6VQb85VkMMqzqQCN+i59pF/cPkoTLafiuA=="
      }
    },
    "net10.0/linux-musl-x64": {
      "Microsoft.Data.SqlClient": {
        "type": "Direct",
        "requested": "[2.1.7, )",
        "resolved": "2.1.7",
        "contentHash": "dSdlcXPszeOjjDX9a0buMFgYqKrI5bTxdSgX3JyCa+OL80NUstJSxOJr0j9oOn8mpP5PgWeRC2bVf/Zf2Cjv+g==",
        "dependencies": {
          "Microsoft.Data.SqlClient.SNI.runtime": "2.1.1",
          "Microsoft.Identity.Client": "4.21.1",
          "Microsoft.IdentityModel.JsonWebTokens": "6.8.0",
          "Microsoft.IdentityModel.Protocols.OpenIdConnect": "6.8.0",
          "System.Configuration.ConfigurationManager": "4.7.0",
          "System.Runtime.Caching": "4.7.0"
        }
      },
      "Microsoft.Data.SqlClient.SNI.runtime": {
        "type": "Transitive",
        "resolved": "2.1.1",
        "contentHash": "JwGDWkyZgm7SATJmFLfT2G4teimvNbNtq3lsS9a5DzvhEZnQrZjZhevCU0vdx8MjheLHoG5vocuO03QtioFQxQ=="
      },
      "Microsoft.Win32.SystemEvents": {
        "type": "Transitive",
        "resolved": "10.0.1",
        "contentHash": "trU4LN2C04nj5qnl8HqoX0NJGPCFg9h2f5o+jjp3Xm8c8fQtu6Ga1/fNFMf3AapoHyLP1WlP21XnL2ij/TLKlg=="
      },
      "System.Diagnostics.EventLog": {
        "type": "Transitive",
        "resolved": "10.0.1",
        "contentHash": "xfaHEHVDkMOOZR5S6ZGezD0+vekdH1Nx/9Ih8/rOqOGSOk1fxiN3u94bYkBW/wigj0Uw2Wt3vvRj9mtYdgwEjw=="
      },
      "System.Runtime.Caching": {
        "type": "Transitive",
        "resolved": "4.7.0",
        "contentHash": "NdvNRjTPxYvIEhXQszT9L9vJhdQoX6AQ0AlhjTU+5NqFQVuacJTfhPVAvtGWNA2OJCqRiR/okBcZgMwI6MqcZg==",
        "dependencies": {
          "System.Configuration.ConfigurationManager": "4.7.0"
        }
      },
      "System.Security.Cryptography.Pkcs": {
        "type": "Transitive",
        "resolved": "8.0.0",
        "contentHash": "ULmp3xoOwNYjOYp4JZ2NK/6NdTgiN1GQXzVVN1njQ7LOZ0d0B9vyMnhyqbIi9Qw4JXj1JgCsitkTShboHRx7Eg=="
      },
      "System.Windows.Extensions": {
        "type": "Transitive",
        "resolved": "4.7.0",
        "contentHash": "CeWTdRNfRaSh0pm2gDTJFwVaXfTq6Xwv/sA887iwPTneW7oMtMlpvDIO+U60+3GWTB7Aom6oQwv5VZVUhQRdPQ==",
        "dependencies": {
          "System.Drawing.Common": "4.7.0"
        }
      },
      "System.Data.SQLite.Core.Servarr": {
        "type": "CentralTransitive",
        "requested": "[1.0.115.5-18, )",
        "resolved": "1.0.115.5-18",
        "contentHash": "bqSg3X04ugH2gqau7NGh3JHQ3zfchtwUdyBDs4AIEAi00iKZeINz6VQb85VkMMqzqQCN+i59pF/cPkoTLafiuA=="
      }
    },
    "net10.0/linux-x64": {
      "Microsoft.Data.SqlClient": {
        "type": "Direct",
        "requested": "[2.1.7, )",
        "resolved": "2.1.7",
        "contentHash": "dSdlcXPszeOjjDX9a0buMFgYqKrI5bTxdSgX3JyCa+OL80NUstJSxOJr0j9oOn8mpP5PgWeRC2bVf/Zf2Cjv+g==",
        "dependencies": {
          "Microsoft.Data.SqlClient.SNI.runtime": "2.1.1",
          "Microsoft.Identity.Client": "4.21.1",
          "Microsoft.IdentityModel.JsonWebTokens": "6.8.0",
          "Microsoft.IdentityModel.Protocols.OpenIdConnect": "6.8.0",
          "System.Configuration.ConfigurationManager": "4.7.0",
          "System.Runtime.Caching": "4.7.0"
        }
      },
      "Microsoft.Data.SqlClient.SNI.runtime": {
        "type": "Transitive",
        "resolved": "2.1.1",
        "contentHash": "JwGDWkyZgm7SATJmFLfT2G4teimvNbNtq3lsS9a5DzvhEZnQrZjZhevCU0vdx8MjheLHoG5vocuO03QtioFQxQ=="
      },
      "Microsoft.Win32.SystemEvents": {
        "type": "Transitive",
        "resolved": "10.0.1",
        "contentHash": "trU4LN2C04nj5qnl8HqoX0NJGPCFg9h2f5o+jjp3Xm8c8fQtu6Ga1/fNFMf3AapoHyLP1WlP21XnL2ij/TLKlg=="
      },
      "System.Diagnostics.EventLog": {
        "type": "Transitive",
        "resolved": "10.0.1",
        "contentHash": "xfaHEHVDkMOOZR5S6ZGezD0+vekdH1Nx/9Ih8/rOqOGSOk1fxiN3u94bYkBW/wigj0Uw2Wt3vvRj9mtYdgwEjw=="
      },
      "System.Runtime.Caching": {
        "type": "Transitive",
        "resolved": "4.7.0",
        "contentHash": "NdvNRjTPxYvIEhXQszT9L9vJhdQoX6AQ0AlhjTU+5NqFQVuacJTfhPVAvtGWNA2OJCqRiR/okBcZgMwI6MqcZg==",
        "dependencies": {
          "System.Configuration.ConfigurationManager": "4.7.0"
        }
      },
      "System.Security.Cryptography.Pkcs": {
        "type": "Transitive",
        "resolved": "8.0.0",
        "contentHash": "ULmp3xoOwNYjOYp4JZ2NK/6NdTgiN1GQXzVVN1njQ7LOZ0d0B9vyMnhyqbIi9Qw4JXj1JgCsitkTShboHRx7Eg=="
      },
      "System.Windows.Extensions": {
        "type": "Transitive",
        "resolved": "4.7.0",
        "contentHash": "CeWTdRNfRaSh0pm2gDTJFwVaXfTq6Xwv/sA887iwPTneW7oMtMlpvDIO+U60+3GWTB7Aom6oQwv5VZVUhQRdPQ==",
        "dependencies": {
          "System.Drawing.Common": "4.7.0"
        }
      },
      "System.Data.SQLite.Core.Servarr": {
        "type": "CentralTransitive",
        "requested": "[1.0.115.5-18, )",
        "resolved": "1.0.115.5-18",
        "contentHash": "bqSg3X04ugH2gqau7NGh3JHQ3zfchtwUdyBDs4AIEAi00iKZeINz6VQb85VkMMqzqQCN+i59pF/cPkoTLafiuA=="
      }
    }
  }
}